// !$*UTF8*$!
{
	archiveVersion = 1;
	classes = {
	};
	objectVersion = 56;
	objects = {

/* Begin PBXBuildFile section */
		8805F5F428773B5D000DE99F /* UseCasesLocalRealmApp.swift in Sources */ = {isa = PBXBuildFile; fileRef = 8805F5F328773B5D000DE99F /* UseCasesLocalRealmApp.swift */; };
		8805F5F828773B5E000DE99F /* Assets.xcassets in Resources */ = {isa = PBXBuildFile; fileRef = 8805F5F728773B5E000DE99F /* Assets.xcassets */; };
		8805F5FB28773B5E000DE99F /* Preview Assets.xcassets in Resources */ = {isa = PBXBuildFile; fileRef = 8805F5FA28773B5E000DE99F /* Preview Assets.xcassets */; };
		8805F60228773C1C000DE99F /* Constants.swift in Sources */ = {isa = PBXBuildFile; fileRef = 8805F60128773C1C000DE99F /* Constants.swift */; };
		8805F60828773CCE000DE99F /* Realm in Frameworks */ = {isa = PBXBuildFile; productRef = 8805F60728773CCE000DE99F /* Realm */; };
		8805F60A28773CCE000DE99F /* RealmSwift in Frameworks */ = {isa = PBXBuildFile; productRef = 8805F60928773CCE000DE99F /* RealmSwift */; };
		8805F60C28773D6E000DE99F /* Project.swift in Sources */ = {isa = PBXBuildFile; fileRef = 8805F60B28773D6E000DE99F /* Project.swift */; };
		8805F61228776F48000DE99F /* LocalRealmManager.swift in Sources */ = {isa = PBXBuildFile; fileRef = 8805F61128776F48000DE99F /* LocalRealmManager.swift */; };
		8805F614287773A9000DE99F /* TextInputField.swift in Sources */ = {isa = PBXBuildFile; fileRef = 8805F613287773A9000DE99F /* TextInputField.swift */; };
		8805F6162877746B000DE99F /* TextInputFieldWithFocus.swift in Sources */ = {isa = PBXBuildFile; fileRef = 8805F6152877746B000DE99F /* TextInputFieldWithFocus.swift */; };
		8805F618287775F9000DE99F /* ProjectListView.swift in Sources */ = {isa = PBXBuildFile; fileRef = 8805F617287775F9000DE99F /* ProjectListView.swift */; };
		8805F61A2877826C000DE99F /* UseCase.swift in Sources */ = {isa = PBXBuildFile; fileRef = 8805F6192877826C000DE99F /* UseCase.swift */; };
		8805F6212877DF64000DE99F /* ProjectCellView.swift in Sources */ = {isa = PBXBuildFile; fileRef = 8805F6202877DF64000DE99F /* ProjectCellView.swift */; };
		8805F623287890A8000DE99F /* ProjectDetailsView.swift in Sources */ = {isa = PBXBuildFile; fileRef = 8805F622287890A8000DE99F /* ProjectDetailsView.swift */; };
		8805F6252878ED61000DE99F /* Step.swift in Sources */ = {isa = PBXBuildFile; fileRef = 8805F6242878ED61000DE99F /* Step.swift */; };
		881AFB5F2891C4A400E5025E /* Category.swift in Sources */ = {isa = PBXBuildFile; fileRef = 881AFB5E2891C4A400E5025E /* Category.swift */; };
		881AFBA628A0401600E5025E /* CategoryListView.swift in Sources */ = {isa = PBXBuildFile; fileRef = 881AFBA528A0401600E5025E /* CategoryListView.swift */; };
		881AFBA828A5849B00E5025E /* CategoryCellView.swift in Sources */ = {isa = PBXBuildFile; fileRef = 881AFBA728A5849B00E5025E /* CategoryCellView.swift */; };
		88672AB52879143F009129DD /* ProjectsView.swift in Sources */ = {isa = PBXBuildFile; fileRef = 88672AB42879143F009129DD /* ProjectsView.swift */; };
		88672AB8287918D9009129DD /* Neumorphic in Frameworks */ = {isa = PBXBuildFile; productRef = 88672AB7287918D9009129DD /* Neumorphic */; };
		88672ABC287B8F99009129DD /* UseCaseListView.swift in Sources */ = {isa = PBXBuildFile; fileRef = 88672ABB287B8F99009129DD /* UseCaseListView.swift */; };
		88672ABE287B8FA8009129DD /* UseCaseCellView.swift in Sources */ = {isa = PBXBuildFile; fileRef = 88672ABD287B8FA8009129DD /* UseCaseCellView.swift */; };
		88672AC0287C627E009129DD /* UseCaseDetailsView.swift in Sources */ = {isa = PBXBuildFile; fileRef = 88672ABF287C627E009129DD /* UseCaseDetailsView.swift */; };
		88672AC2287C95A1009129DD /* StepListView.swift in Sources */ = {isa = PBXBuildFile; fileRef = 88672AC1287C95A1009129DD /* StepListView.swift */; };
		88672AC4287C95DD009129DD /* StepCellView.swift in Sources */ = {isa = PBXBuildFile; fileRef = 88672AC3287C95DD009129DD /* StepCellView.swift */; };
		88672AC7287CF4A5009129DD /* UserIdHelper.swift in Sources */ = {isa = PBXBuildFile; fileRef = 88672AC6287CF4A5009129DD /* UserIdHelper.swift */; };
		88672ACC287CF7AC009129DD /* Extensions.swift in Sources */ = {isa = PBXBuildFile; fileRef = 88672ACB287CF7AC009129DD /* Extensions.swift */; };
/* End PBXBuildFile section */

/* Begin PBXFileReference section */
		8805F5F028773B5D000DE99F /* UseCasesLocalRealm.app */ = {isa = PBXFileReference; explicitFileType = wrapper.application; includeInIndex = 0; path = UseCasesLocalRealm.app; sourceTree = BUILT_PRODUCTS_DIR; };
		8805F5F328773B5D000DE99F /* UseCasesLocalRealmApp.swift */ = {isa = PBXFileReference; lastKnownFileType = sourcecode.swift; path = UseCasesLocalRealmApp.swift; sourceTree = "<group>"; };
		8805F5F728773B5E000DE99F /* Assets.xcassets */ = {isa = PBXFileReference; lastKnownFileType = folder.assetcatalog; path = Assets.xcassets; sourceTree = "<group>"; };
		8805F5FA28773B5E000DE99F /* Preview Assets.xcassets */ = {isa = PBXFileReference; lastKnownFileType = folder.assetcatalog; path = "Preview Assets.xcassets"; sourceTree = "<group>"; };
		8805F60128773C1C000DE99F /* Constants.swift */ = {isa = PBXFileReference; lastKnownFileType = sourcecode.swift; path = Constants.swift; sourceTree = "<group>"; };
		8805F60B28773D6E000DE99F /* Project.swift */ = {isa = PBXFileReference; lastKnownFileType = sourcecode.swift; path = Project.swift; sourceTree = "<group>"; };
		8805F61128776F48000DE99F /* LocalRealmManager.swift */ = {isa = PBXFileReference; lastKnownFileType = sourcecode.swift; path = LocalRealmManager.swift; sourceTree = "<group>"; };
		8805F613287773A9000DE99F /* TextInputField.swift */ = {isa = PBXFileReference; fileEncoding = 4; lastKnownFileType = sourcecode.swift; path = TextInputField.swift; sourceTree = "<group>"; };
		8805F6152877746B000DE99F /* TextInputFieldWithFocus.swift */ = {isa = PBXFileReference; lastKnownFileType = sourcecode.swift; path = TextInputFieldWithFocus.swift; sourceTree = "<group>"; };
		8805F617287775F9000DE99F /* ProjectListView.swift */ = {isa = PBXFileReference; lastKnownFileType = sourcecode.swift; path = ProjectListView.swift; sourceTree = "<group>"; };
		8805F6192877826C000DE99F /* UseCase.swift */ = {isa = PBXFileReference; lastKnownFileType = sourcecode.swift; path = UseCase.swift; sourceTree = "<group>"; };
		8805F6202877DF64000DE99F /* ProjectCellView.swift */ = {isa = PBXFileReference; lastKnownFileType = sourcecode.swift; path = ProjectCellView.swift; sourceTree = "<group>"; };
		8805F622287890A8000DE99F /* ProjectDetailsView.swift */ = {isa = PBXFileReference; lastKnownFileType = sourcecode.swift; path = ProjectDetailsView.swift; sourceTree = "<group>"; };
		8805F6242878ED61000DE99F /* Step.swift */ = {isa = PBXFileReference; lastKnownFileType = sourcecode.swift; path = Step.swift; sourceTree = "<group>"; };
		881AFB5E2891C4A400E5025E /* Category.swift */ = {isa = PBXFileReference; lastKnownFileType = sourcecode.swift; path = Category.swift; sourceTree = "<group>"; };
		881AFBA528A0401600E5025E /* CategoryListView.swift */ = {isa = PBXFileReference; lastKnownFileType = sourcecode.swift; path = CategoryListView.swift; sourceTree = "<group>"; };
		881AFBA728A5849B00E5025E /* CategoryCellView.swift */ = {isa = PBXFileReference; lastKnownFileType = sourcecode.swift; path = CategoryCellView.swift; sourceTree = "<group>"; };
		88672AB42879143F009129DD /* ProjectsView.swift */ = {isa = PBXFileReference; fileEncoding = 4; lastKnownFileType = sourcecode.swift; path = ProjectsView.swift; sourceTree = "<group>"; };
		88672ABB287B8F99009129DD /* UseCaseListView.swift */ = {isa = PBXFileReference; lastKnownFileType = sourcecode.swift; path = UseCaseListView.swift; sourceTree = "<group>"; };
		88672ABD287B8FA8009129DD /* UseCaseCellView.swift */ = {isa = PBXFileReference; lastKnownFileType = sourcecode.swift; path = UseCaseCellView.swift; sourceTree = "<group>"; };
		88672ABF287C627E009129DD /* UseCaseDetailsView.swift */ = {isa = PBXFileReference; lastKnownFileType = sourcecode.swift; path = UseCaseDetailsView.swift; sourceTree = "<group>"; };
		88672AC1287C95A1009129DD /* StepListView.swift */ = {isa = PBXFileReference; lastKnownFileType = sourcecode.swift; path = StepListView.swift; sourceTree = "<group>"; };
		88672AC3287C95DD009129DD /* StepCellView.swift */ = {isa = PBXFileReference; lastKnownFileType = sourcecode.swift; path = StepCellView.swift; sourceTree = "<group>"; };
		88672AC6287CF4A5009129DD /* UserIdHelper.swift */ = {isa = PBXFileReference; lastKnownFileType = sourcecode.swift; path = UserIdHelper.swift; sourceTree = "<group>"; };
		88672ACB287CF7AC009129DD /* Extensions.swift */ = {isa = PBXFileReference; lastKnownFileType = sourcecode.swift; path = Extensions.swift; sourceTree = "<group>"; };
/* End PBXFileReference section */

/* Begin PBXFrameworksBuildPhase section */
		8805F5ED28773B5D000DE99F /* Frameworks */ = {
			isa = PBXFrameworksBuildPhase;
			buildActionMask = 2147483647;
			files = (
				8805F60A28773CCE000DE99F /* RealmSwift in Frameworks */,
				8805F60828773CCE000DE99F /* Realm in Frameworks */,
				88672AB8287918D9009129DD /* Neumorphic in Frameworks */,
			);
			runOnlyForDeploymentPostprocessing = 0;
		};
/* End PBXFrameworksBuildPhase section */

/* Begin PBXGroup section */
		8805F5E728773B5D000DE99F = {
			isa = PBXGroup;
			children = (
				8805F5F228773B5D000DE99F /* UseCasesLocalRealm */,
				8805F5F128773B5D000DE99F /* Products */,
			);
			sourceTree = "<group>";
		};
		8805F5F128773B5D000DE99F /* Products */ = {
			isa = PBXGroup;
			children = (
				8805F5F028773B5D000DE99F /* UseCasesLocalRealm.app */,
			);
			name = Products;
			sourceTree = "<group>";
		};
		8805F5F228773B5D000DE99F /* UseCasesLocalRealm */ = {
			isa = PBXGroup;
			children = (
				88672ACA287CF79D009129DD /* Extensions */,
				88672AC5287CF489009129DD /* Helpers */,
				8805F61D2877A89B000DE99F /* RealmManagers */,
				8805F613287773A9000DE99F /* TextInputField.swift */,
				8805F60528773C58000DE99F /* DatabaseModels */,
				8805F60328773C3D000DE99F /* Views */,
				8805F5F328773B5D000DE99F /* UseCasesLocalRealmApp.swift */,
				8805F5F728773B5E000DE99F /* Assets.xcassets */,
				8805F5F928773B5E000DE99F /* Preview Content */,
				8805F60128773C1C000DE99F /* Constants.swift */,
				8805F6152877746B000DE99F /* TextInputFieldWithFocus.swift */,
			);
			path = UseCasesLocalRealm;
			sourceTree = "<group>";
		};
		8805F5F928773B5E000DE99F /* Preview Content */ = {
			isa = PBXGroup;
			children = (
				8805F5FA28773B5E000DE99F /* Preview Assets.xcassets */,
			);
			path = "Preview Content";
			sourceTree = "<group>";
		};
		8805F60328773C3D000DE99F /* Views */ = {
			isa = PBXGroup;
			children = (
				88672AB42879143F009129DD /* ProjectsView.swift */,
				8805F617287775F9000DE99F /* ProjectListView.swift */,
				8805F6202877DF64000DE99F /* ProjectCellView.swift */,
				8805F622287890A8000DE99F /* ProjectDetailsView.swift */,
				88672ABB287B8F99009129DD /* UseCaseListView.swift */,
				88672ABD287B8FA8009129DD /* UseCaseCellView.swift */,
				88672ABF287C627E009129DD /* UseCaseDetailsView.swift */,
				88672AC1287C95A1009129DD /* StepListView.swift */,
				88672AC3287C95DD009129DD /* StepCellView.swift */,
				881AFBA528A0401600E5025E /* CategoryListView.swift */,
				881AFBA728A5849B00E5025E /* CategoryCellView.swift */,
			);
			path = Views;
			sourceTree = "<group>";
		};
		8805F60528773C58000DE99F /* DatabaseModels */ = {
			isa = PBXGroup;
			children = (
				8805F60B28773D6E000DE99F /* Project.swift */,
				8805F6192877826C000DE99F /* UseCase.swift */,
				8805F6242878ED61000DE99F /* Step.swift */,
				881AFB5E2891C4A400E5025E /* Category.swift */,
			);
			path = DatabaseModels;
			sourceTree = "<group>";
		};
		8805F61D2877A89B000DE99F /* RealmManagers */ = {
			isa = PBXGroup;
			children = (
				8805F61128776F48000DE99F /* LocalRealmManager.swift */,
			);
			path = RealmManagers;
			sourceTree = "<group>";
		};
		88672AC5287CF489009129DD /* Helpers */ = {
			isa = PBXGroup;
			children = (
				88672AC6287CF4A5009129DD /* UserIdHelper.swift */,
			);
			path = Helpers;
			sourceTree = "<group>";
		};
		88672ACA287CF79D009129DD /* Extensions */ = {
			isa = PBXGroup;
			children = (
				88672ACB287CF7AC009129DD /* Extensions.swift */,
			);
			path = Extensions;
			sourceTree = "<group>";
		};
/* End PBXGroup section */

/* Begin PBXNativeTarget section */
		8805F5EF28773B5D000DE99F /* UseCasesLocalRealm */ = {
			isa = PBXNativeTarget;
			buildConfigurationList = 8805F5FE28773B5E000DE99F /* Build configuration list for PBXNativeTarget "UseCasesLocalRealm" */;
			buildPhases = (
				8805F5EC28773B5D000DE99F /* Sources */,
				8805F5ED28773B5D000DE99F /* Frameworks */,
				8805F5EE28773B5D000DE99F /* Resources */,
			);
			buildRules = (
			);
			dependencies = (
			);
			name = UseCasesLocalRealm;
			packageProductDependencies = (
				8805F60728773CCE000DE99F /* Realm */,
				8805F60928773CCE000DE99F /* RealmSwift */,
				88672AB7287918D9009129DD /* Neumorphic */,
			);
			productName = UseCasesLocalRealm;
			productReference = 8805F5F028773B5D000DE99F /* UseCasesLocalRealm.app */;
			productType = "com.apple.product-type.application";
		};
/* End PBXNativeTarget section */

/* Begin PBXProject section */
		8805F5E828773B5D000DE99F /* Project object */ = {
			isa = PBXProject;
			attributes = {
				BuildIndependentTargetsInParallel = 1;
				LastSwiftUpdateCheck = 1400;
				LastUpgradeCheck = 1400;
				TargetAttributes = {
					8805F5EF28773B5D000DE99F = {
						CreatedOnToolsVersion = 14.0;
					};
				};
			};
			buildConfigurationList = 8805F5EB28773B5D000DE99F /* Build configuration list for PBXProject "UseCasesLocalRealm" */;
			compatibilityVersion = "Xcode 14.0";
			developmentRegion = en;
			hasScannedForEncodings = 0;
			knownRegions = (
				en,
				Base,
			);
			mainGroup = 8805F5E728773B5D000DE99F;
			packageReferences = (
				8805F60628773CCE000DE99F /* XCRemoteSwiftPackageReference "realm-swift" */,
				88672AB6287918D9009129DD /* XCRemoteSwiftPackageReference "neumorphic" */,
			);
			productRefGroup = 8805F5F128773B5D000DE99F /* Products */;
			projectDirPath = "";
			projectRoot = "";
			targets = (
				8805F5EF28773B5D000DE99F /* UseCasesLocalRealm */,
			);
		};
/* End PBXProject section */

/* Begin PBXResourcesBuildPhase section */
		8805F5EE28773B5D000DE99F /* Resources */ = {
			isa = PBXResourcesBuildPhase;
			buildActionMask = 2147483647;
			files = (
				8805F5FB28773B5E000DE99F /* Preview Assets.xcassets in Resources */,
				8805F5F828773B5E000DE99F /* Assets.xcassets in Resources */,
			);
			runOnlyForDeploymentPostprocessing = 0;
		};
/* End PBXResourcesBuildPhase section */

/* Begin PBXSourcesBuildPhase section */
		8805F5EC28773B5D000DE99F /* Sources */ = {
			isa = PBXSourcesBuildPhase;
			buildActionMask = 2147483647;
			files = (
				88672ABC287B8F99009129DD /* UseCaseListView.swift in Sources */,
				8805F614287773A9000DE99F /* TextInputField.swift in Sources */,
				88672AC4287C95DD009129DD /* StepCellView.swift in Sources */,
				88672AC7287CF4A5009129DD /* UserIdHelper.swift in Sources */,
				8805F61228776F48000DE99F /* LocalRealmManager.swift in Sources */,
				8805F6252878ED61000DE99F /* Step.swift in Sources */,
				881AFBA828A5849B00E5025E /* CategoryCellView.swift in Sources */,
				88672AB52879143F009129DD /* ProjectsView.swift in Sources */,
				88672ACC287CF7AC009129DD /* Extensions.swift in Sources */,
				8805F5F428773B5D000DE99F /* UseCasesLocalRealmApp.swift in Sources */,
				8805F61A2877826C000DE99F /* UseCase.swift in Sources */,
				8805F60228773C1C000DE99F /* Constants.swift in Sources */,
				881AFB5F2891C4A400E5025E /* Category.swift in Sources */,
				881AFBA628A0401600E5025E /* CategoryListView.swift in Sources */,
				8805F618287775F9000DE99F /* ProjectListView.swift in Sources */,
				8805F6162877746B000DE99F /* TextInputFieldWithFocus.swift in Sources */,
				8805F6212877DF64000DE99F /* ProjectCellView.swift in Sources */,
				88672ABE287B8FA8009129DD /* UseCaseCellView.swift in Sources */,
				8805F60C28773D6E000DE99F /* Project.swift in Sources */,
				88672AC2287C95A1009129DD /* StepListView.swift in Sources */,
				88672AC0287C627E009129DD /* UseCaseDetailsView.swift in Sources */,
				8805F623287890A8000DE99F /* ProjectDetailsView.swift in Sources */,
			);
			runOnlyForDeploymentPostprocessing = 0;
		};
/* End PBXSourcesBuildPhase section */

/* Begin XCBuildConfiguration section */
		8805F5FC28773B5E000DE99F /* Debug */ = {
			isa = XCBuildConfiguration;
			buildSettings = {
				ALWAYS_SEARCH_USER_PATHS = NO;
				CLANG_ANALYZER_NONNULL = YES;
				CLANG_ANALYZER_NUMBER_OBJECT_CONVERSION = YES_AGGRESSIVE;
				CLANG_CXX_LANGUAGE_STANDARD = "gnu++17";
				CLANG_ENABLE_MODULES = YES;
				CLANG_ENABLE_OBJC_ARC = YES;
				CLANG_ENABLE_OBJC_WEAK = YES;
				CLANG_WARN_BLOCK_CAPTURE_AUTORELEASING = YES;
				CLANG_WARN_BOOL_CONVERSION = YES;
				CLANG_WARN_COMMA = YES;
				CLANG_WARN_CONSTANT_CONVERSION = YES;
				CLANG_WARN_DEPRECATED_OBJC_IMPLEMENTATIONS = YES;
				CLANG_WARN_DIRECT_OBJC_ISA_USAGE = YES_ERROR;
				CLANG_WARN_DOCUMENTATION_COMMENTS = YES;
				CLANG_WARN_EMPTY_BODY = YES;
				CLANG_WARN_ENUM_CONVERSION = YES;
				CLANG_WARN_INFINITE_RECURSION = YES;
				CLANG_WARN_INT_CONVERSION = YES;
				CLANG_WARN_NON_LITERAL_NULL_CONVERSION = YES;
				CLANG_WARN_OBJC_IMPLICIT_RETAIN_SELF = YES;
				CLANG_WARN_OBJC_LITERAL_CONVERSION = YES;
				CLANG_WARN_OBJC_ROOT_CLASS = YES_ERROR;
				CLANG_WARN_QUOTED_INCLUDE_IN_FRAMEWORK_HEADER = YES;
				CLANG_WARN_RANGE_LOOP_ANALYSIS = YES;
				CLANG_WARN_STRICT_PROTOTYPES = YES;
				CLANG_WARN_SUSPICIOUS_MOVE = YES;
				CLANG_WARN_UNGUARDED_AVAILABILITY = YES_AGGRESSIVE;
				CLANG_WARN_UNREACHABLE_CODE = YES;
				CLANG_WARN__DUPLICATE_METHOD_MATCH = YES;
				COPY_PHASE_STRIP = NO;
				DEBUG_INFORMATION_FORMAT = dwarf;
				ENABLE_STRICT_OBJC_MSGSEND = YES;
				ENABLE_TESTABILITY = YES;
				GCC_C_LANGUAGE_STANDARD = gnu11;
				GCC_DYNAMIC_NO_PIC = NO;
				GCC_NO_COMMON_BLOCKS = YES;
				GCC_OPTIMIZATION_LEVEL = 0;
				GCC_PREPROCESSOR_DEFINITIONS = (
					"DEBUG=1",
					"$(inherited)",
				);
				GCC_WARN_64_TO_32_BIT_CONVERSION = YES;
				GCC_WARN_ABOUT_RETURN_TYPE = YES_ERROR;
				GCC_WARN_UNDECLARED_SELECTOR = YES;
				GCC_WARN_UNINITIALIZED_AUTOS = YES_AGGRESSIVE;
				GCC_WARN_UNUSED_FUNCTION = YES;
				GCC_WARN_UNUSED_VARIABLE = YES;
				IPHONEOS_DEPLOYMENT_TARGET = 16.0;
				MTL_ENABLE_DEBUG_INFO = INCLUDE_SOURCE;
				MTL_FAST_MATH = YES;
				ONLY_ACTIVE_ARCH = YES;
				SDKROOT = iphoneos;
				SWIFT_ACTIVE_COMPILATION_CONDITIONS = DEBUG;
				SWIFT_OPTIMIZATION_LEVEL = "-Onone";
			};
			name = Debug;
		};
		8805F5FD28773B5E000DE99F /* Release */ = {
			isa = XCBuildConfiguration;
			buildSettings = {
				ALWAYS_SEARCH_USER_PATHS = NO;
				CLANG_ANALYZER_NONNULL = YES;
				CLANG_ANALYZER_NUMBER_OBJECT_CONVERSION = YES_AGGRESSIVE;
				CLANG_CXX_LANGUAGE_STANDARD = "gnu++17";
				CLANG_ENABLE_MODULES = YES;
				CLANG_ENABLE_OBJC_ARC = YES;
				CLANG_ENABLE_OBJC_WEAK = YES;
				CLANG_WARN_BLOCK_CAPTURE_AUTORELEASING = YES;
				CLANG_WARN_BOOL_CONVERSION = YES;
				CLANG_WARN_COMMA = YES;
				CLANG_WARN_CONSTANT_CONVERSION = YES;
				CLANG_WARN_DEPRECATED_OBJC_IMPLEMENTATIONS = YES;
				CLANG_WARN_DIRECT_OBJC_ISA_USAGE = YES_ERROR;
				CLANG_WARN_DOCUMENTATION_COMMENTS = YES;
				CLANG_WARN_EMPTY_BODY = YES;
				CLANG_WARN_ENUM_CONVERSION = YES;
				CLANG_WARN_INFINITE_RECURSION = YES;
				CLANG_WARN_INT_CONVERSION = YES;
				CLANG_WARN_NON_LITERAL_NULL_CONVERSION = YES;
				CLANG_WARN_OBJC_IMPLICIT_RETAIN_SELF = YES;
				CLANG_WARN_OBJC_LITERAL_CONVERSION = YES;
				CLANG_WARN_OBJC_ROOT_CLASS = YES_ERROR;
				CLANG_WARN_QUOTED_INCLUDE_IN_FRAMEWORK_HEADER = YES;
				CLANG_WARN_RANGE_LOOP_ANALYSIS = YES;
				CLANG_WARN_STRICT_PROTOTYPES = YES;
				CLANG_WARN_SUSPICIOUS_MOVE = YES;
				CLANG_WARN_UNGUARDED_AVAILABILITY = YES_AGGRESSIVE;
				CLANG_WARN_UNREACHABLE_CODE = YES;
				CLANG_WARN__DUPLICATE_METHOD_MATCH = YES;
				COPY_PHASE_STRIP = NO;
				DEBUG_INFORMATION_FORMAT = "dwarf-with-dsym";
				ENABLE_NS_ASSERTIONS = NO;
				ENABLE_STRICT_OBJC_MSGSEND = YES;
				GCC_C_LANGUAGE_STANDARD = gnu11;
				GCC_NO_COMMON_BLOCKS = YES;
				GCC_WARN_64_TO_32_BIT_CONVERSION = YES;
				GCC_WARN_ABOUT_RETURN_TYPE = YES_ERROR;
				GCC_WARN_UNDECLARED_SELECTOR = YES;
				GCC_WARN_UNINITIALIZED_AUTOS = YES_AGGRESSIVE;
				GCC_WARN_UNUSED_FUNCTION = YES;
				GCC_WARN_UNUSED_VARIABLE = YES;
				IPHONEOS_DEPLOYMENT_TARGET = 16.0;
				MTL_ENABLE_DEBUG_INFO = NO;
				MTL_FAST_MATH = YES;
				SDKROOT = iphoneos;
				SWIFT_COMPILATION_MODE = wholemodule;
				SWIFT_OPTIMIZATION_LEVEL = "-O";
				VALIDATE_PRODUCT = YES;
			};
			name = Release;
		};
		8805F5FF28773B5E000DE99F /* Debug */ = {
			isa = XCBuildConfiguration;
			buildSettings = {
				ASSETCATALOG_COMPILER_APPICON_NAME = AppIcon;
				ASSETCATALOG_COMPILER_GLOBAL_ACCENT_COLOR_NAME = AccentColor;
				CODE_SIGN_STYLE = Automatic;
				CURRENT_PROJECT_VERSION = 1;
				DEVELOPMENT_ASSET_PATHS = "\"UseCasesLocalRealm/Preview Content\"";
				ENABLE_PREVIEWS = YES;
				GENERATE_INFOPLIST_FILE = YES;
				INFOPLIST_KEY_UIApplicationSceneManifest_Generation = YES;
				INFOPLIST_KEY_UIApplicationSupportsIndirectInputEvents = YES;
				INFOPLIST_KEY_UILaunchScreen_Generation = YES;
				INFOPLIST_KEY_UISupportedInterfaceOrientations_iPad = "UIInterfaceOrientationPortrait UIInterfaceOrientationPortraitUpsideDown UIInterfaceOrientationLandscapeLeft UIInterfaceOrientationLandscapeRight";
				INFOPLIST_KEY_UISupportedInterfaceOrientations_iPhone = "UIInterfaceOrientationPortrait UIInterfaceOrientationLandscapeLeft UIInterfaceOrientationLandscapeRight";
				LD_RUNPATH_SEARCH_PATHS = (
					"$(inherited)",
					"@executable_path/Frameworks",
				);
				MARKETING_VERSION = 1.0;
				PRODUCT_BUNDLE_IDENTIFIER = com.ethankisiel.UseCasesLocalRealm;
				PRODUCT_NAME = "$(TARGET_NAME)";
				SWIFT_EMIT_LOC_STRINGS = YES;
				SWIFT_VERSION = 5.0;
				TARGETED_DEVICE_FAMILY = "1,2";
			};
			name = Debug;
		};
		8805F60028773B5E000DE99F /* Release */ = {
			isa = XCBuildConfiguration;
			buildSettings = {
				ASSETCATALOG_COMPILER_APPICON_NAME = AppIcon;
				ASSETCATALOG_COMPILER_GLOBAL_ACCENT_COLOR_NAME = AccentColor;
				CODE_SIGN_STYLE = Automatic;
				CURRENT_PROJECT_VERSION = 1;
				DEVELOPMENT_ASSET_PATHS = "\"UseCasesLocalRealm/Preview Content\"";
				ENABLE_PREVIEWS = YES;
				GENERATE_INFOPLIST_FILE = YES;
				INFOPLIST_KEY_UIApplicationSceneManifest_Generation = YES;
				INFOPLIST_KEY_UIApplicationSupportsIndirectInputEvents = YES;
				INFOPLIST_KEY_UILaunchScreen_Generation = YES;
				INFOPLIST_KEY_UISupportedInterfaceOrientations_iPad = "UIInterfaceOrientationPortrait UIInterfaceOrientationPortraitUpsideDown UIInterfaceOrientationLandscapeLeft UIInterfaceOrientationLandscapeRight";
				INFOPLIST_KEY_UISupportedInterfaceOrientations_iPhone = "UIInterfaceOrientationPortrait UIInterfaceOrientationLandscapeLeft UIInterfaceOrientationLandscapeRight";
				LD_RUNPATH_SEARCH_PATHS = (
					"$(inherited)",
					"@executable_path/Frameworks",
				);
				MARKETING_VERSION = 1.0;
				PRODUCT_BUNDLE_IDENTIFIER = com.ethankisiel.UseCasesLocalRealm;
				PRODUCT_NAME = "$(TARGET_NAME)";
				SWIFT_EMIT_LOC_STRINGS = YES;
				SWIFT_VERSION = 5.0;
				TARGETED_DEVICE_FAMILY = "1,2";
			};
			name = Release;
		};
/* End XCBuildConfiguration section */

/* Begin XCConfigurationList section */
		8805F5EB28773B5D000DE99F /* Build configuration list for PBXProject "UseCasesLocalRealm" */ = {
			isa = XCConfigurationList;
			buildConfigurations = (
				8805F5FC28773B5E000DE99F /* Debug */,
				8805F5FD28773B5E000DE99F /* Release */,
			);
			defaultConfigurationIsVisible = 0;
			defaultConfigurationName = Release;
		};
		8805F5FE28773B5E000DE99F /* Build configuration list for PBXNativeTarget "UseCasesLocalRealm" */ = {
			isa = XCConfigurationList;
			buildConfigurations = (
				8805F5FF28773B5E000DE99F /* Debug */,
				8805F60028773B5E000DE99F /* Release */,
			);
			defaultConfigurationIsVisible = 0;
			defaultConfigurationName = Release;
		};
/* End XCConfigurationList section */

/* Begin XCRemoteSwiftPackageReference section */
		8805F60628773CCE000DE99F /* XCRemoteSwiftPackageReference "realm-swift" */ = {
			isa = XCRemoteSwiftPackageReference;
			repositoryURL = "https://github.com/realm/realm-swift.git";
			requirement = {
				branch = master;
				kind = branch;
			};
		};
		88672AB6287918D9009129DD /* XCRemoteSwiftPackageReference "neumorphic" */ = {
			isa = XCRemoteSwiftPackageReference;
			repositoryURL = "https://github.com/costachung/neumorphic/";
			requirement = {
				branch = master;
				kind = branch;
			};
		};
/* End XCRemoteSwiftPackageReference section */

/* Begin XCSwiftPackageProductDependency section */
		8805F60728773CCE000DE99F /* Realm */ = {
			isa = XCSwiftPackageProductDependency;
			package = 8805F60628773CCE000DE99F /* XCRemoteSwiftPackageReference "realm-swift" */;
			productName = Realm;
		};
		8805F60928773CCE000DE99F /* RealmSwift */ = {
			isa = XCSwiftPackageProductDependency;
			package = 8805F60628773CCE000DE99F /* XCRemoteSwiftPackageReference "realm-swift" */;
			productName = RealmSwift;
		};
		88672AB7287918D9009129DD /* Neumorphic */ = {
			isa = XCSwiftPackageProductDependency;
			package = 88672AB6287918D9009129DD /* XCRemoteSwiftPackageReference "neumorphic" */;
			productName = Neumorphic;
		};
/* End XCSwiftPackageProductDependency section */
	};
	rootObject = 8805F5E828773B5D000DE99F /* Project object */;
}
